{
  "nodes": {
    "Dune2": {
      "flake": false,
      "locked": {
        "lastModified": 1688507682,
        "narHash": "sha256-sqb354MQbfx+avpOLGxJM0IZzunX991rwQkUXav11bY=",
        "owner": "OpenRA",
        "repo": "d2",
        "rev": "b181f1d43b621adfe4804fbd698f0e08206ad69b",
        "type": "github"
      },
      "original": {
        "owner": "OpenRA",
        "repo": "d2",
        "type": "github"
      }
    },
    "OpenRAModSDK": {
      "flake": false,
      "locked": {
        "lastModified": 1686475429,
        "narHash": "sha256-QXWCf2aLk2WWKtiV9cG1nGu+mQBNAXRyJJbAVLw7aIc=",
        "owner": "OpenRA",
        "repo": "OpenRAModSDK",
        "rev": "2451b489a660786c5eacacb108d532a7131d8832",
        "type": "github"
      },
      "original": {
        "owner": "OpenRA",
        "repo": "OpenRAModSDK",
        "type": "github"
      }
    },
    "nixpkgs": {
      "locked": {
        "lastModified": 1692742407,
        "narHash": "sha256-faLzZ2u3Wki8h9ykEfzQr19B464eyADP3Ux7A/vjKIY=",
        "owner": "nixos",
        "repo": "nixpkgs",
        "rev": "a2eca347ae1e542af3f818274c38305c1e00604c",
        "type": "github"
      },
      "original": {
        "owner": "nixos",
        "ref": "nixpkgs-unstable",
        "repo": "nixpkgs",
        "type": "github"
      }
    },
    "openRA": {
      "flake": false,
      "locked": {
        "lastModified": 1692813380,
        "narHash": "sha256-KPS+GAWThyujMjPn/E8eHmMbZq7jefqhIkYxtCaKr5k=",
        "owner": "OpenRA",
        "repo": "OpenRA",
        "rev": "f69e6289b538742f4622d6b1bc483f64cb683d19",
        "type": "github"
      },
      "original": {
        "owner": "OpenRA",
        "ref": "bleed",
        "repo": "OpenRA",
        "type": "github"
      }
    },
    "openRA2": {
      "flake": false,
      "locked": {
        "lastModified": 1680628546,
        "narHash": "sha256-/fHS8yhZALqEWyjEUajPSlFphS/QYUliJXhY6wdjRHg=",
        "owner": "OpenRA",
        "repo": "ra2",
        "rev": "2a29249da1a4fe40f24a3ccf76ad338c5302a05b",
        "type": "github"
      },
      "original": {
        "owner": "OpenRA",
        "repo": "ra2",
        "type": "github"
      }
    },
    "root": {
      "inputs": {
        "Dune2": "Dune2",
        "OpenRAModSDK": "OpenRAModSDK",
        "nixpkgs": "nixpkgs",
        "openRA": "openRA",
        "openRA2": "openRA2"
      }
    }
  },
  "root": "root",
  "version": 7
}
